
Microsoft Visual Studio Solution File, Format Version 12.00
# Visual Studio Version 16
VisualStudioVersion = 16.0.29409.12
MinimumVisualStudioVersion = 10.0.40219.1
Project("{FAE04EC0-301F-11D3-BF4B-00C04F79EFBC}") = "BranchDemoConsoleApp", "BranchDemoConsoleApp\BranchDemoConsoleApp.csproj", "{DA16E943-3D1F-4E99-B49A-B74A77CC3A24}"
EndProject
Global
	GlobalSection(SolutionConfigurationPlatforms) = preSolution
		Debug|Any CPU = Debug|Any CPU
		Release|Any CPU = Release|Any CPU
	EndGlobalSection
	GlobalSection(ProjectConfigurationPlatforms) = postSolution
		{DA16E943-3D1F-4E99-B49A-B74A77CC3A24}.Debug|Any CPU.ActiveCfg = Debug|Any CPU
		{DA16E943-3D1F-4E99-B49A-B74A77CC3A24}.Debug|Any CPU.Build.0 = Debug|Any CPU
		{DA16E943-3D1F-4E99-B49A-B74A77CC3A24}.Release|Any CPU.ActiveCfg = Release|Any CPU
		{DA16E943-3D1F-4E99-B49A-B74A77CC3A24}.Release|Any CPU.Build.0 = Release|Any CPU
	EndGlobalSection
	GlobalSection(SolutionProperties) = preSolution
		HideSolutionNode = FALSE
	EndGlobalSection
	GlobalSection(ExtensibilityGlobals) = postSolution
		SolutionGuid = {F05B650A-7B40-45AD-9D11-037043093FCF}
	EndGlobalSection
EndGlobal
